
Microsoft Visual Studio Solution File, Format Version 12.00
# Visual Studio 14
VisualStudioVersion = 14.0.25123.0
MinimumVisualStudioVersion = 10.0.40219.1
Project("{D954291E-2A0B-460D-934E-DC6B0785DB48}") = "StarWars_ListView", "StarWars-ListView\StarWars_ListView\StarWars_ListView.shproj", "{CF806F32-882E-4FC2-B7F0-BC11F37CE577}"
EndProject
Project("{FAE04EC0-301F-11D3-BF4B-00C04F79EFBC}") = "StarWars_ListView.WinPhone", "StarWars-ListView\StarWars_ListView.WinPhone\StarWars_ListView.WinPhone.csproj", "{1667AB87-0D18-402A-8E55-1AA469F4E8FE}"
EndProject
Project("{FAE04EC0-301F-11D3-BF4B-00C04F79EFBC}") = "StarWars_ListView.iOS", "StarWars-ListView\StarWars_ListView.iOS\StarWars_ListView.iOS.csproj", "{B552F087-516E-419C-A073-0F39494523B0}"
EndProject
Project("{FAE04EC0-301F-11D3-BF4B-00C04F79EFBC}") = "StarWars_ListView.Droid", "StarWars-ListView\StarWars_ListView.Droid\StarWars_ListView.Droid.csproj", "{5B18192D-58EB-41B8-909C-CC502E4E1A52}"
EndProject
Project("{FAE04EC0-301F-11D3-BF4B-00C04F79EFBC}") = "SharpTrooper", "..\SharpTrooper\SharpTrooper.csproj", "{64FA6A89-9042-42A7-A331-A8D6FBC79340}"
EndProject
Global
	GlobalSection(SharedMSBuildProjectFiles) = preSolution
		StarWars-ListView\StarWars_ListView\StarWars_ListView.projitems*{5b18192d-58eb-41b8-909c-cc502e4e1a52}*SharedItemsImports = 4
		StarWars-ListView\StarWars_ListView\StarWars_ListView.projitems*{b552f087-516e-419c-a073-0f39494523b0}*SharedItemsImports = 4
		StarWars-ListView\StarWars_ListView\StarWars_ListView.projitems*{cf806f32-882e-4fc2-b7f0-bc11f37ce577}*SharedItemsImports = 13
		StarWars-ListView\StarWars_ListView\StarWars_ListView.projitems*{1667ab87-0d18-402a-8e55-1aa469f4e8fe}*SharedItemsImports = 4
	EndGlobalSection
	GlobalSection(SolutionConfigurationPlatforms) = preSolution
		Ad-Hoc|Any CPU = Ad-Hoc|Any CPU
		Ad-Hoc|ARM = Ad-Hoc|ARM
		Ad-Hoc|iPhone = Ad-Hoc|iPhone
		Ad-Hoc|iPhoneSimulator = Ad-Hoc|iPhoneSimulator
		Ad-Hoc|x86 = Ad-Hoc|x86
		AppStore|Any CPU = AppStore|Any CPU
		AppStore|ARM = AppStore|ARM
		AppStore|iPhone = AppStore|iPhone
		AppStore|iPhoneSimulator = AppStore|iPhoneSimulator
		AppStore|x86 = AppStore|x86
		Debug|Any CPU = Debug|Any CPU
		Debug|ARM = Debug|ARM
		Debug|iPhone = Debug|iPhone
		Debug|iPhoneSimulator = Debug|iPhoneSimulator
		Debug|x86 = Debug|x86
		Release|Any CPU = Release|Any CPU
		Release|ARM = Release|ARM
		Release|iPhone = Release|iPhone
		Release|iPhoneSimulator = Release|iPhoneSimulator
		Release|x86 = Release|x86
	EndGlobalSection
	GlobalSection(ProjectConfigurationPlatforms) = postSolution
		{1667AB87-0D18-402A-8E55-1AA469F4E8FE}.Ad-Hoc|Any CPU.ActiveCfg = Release|Any CPU
		{1667AB87-0D18-402A-8E55-1AA469F4E8FE}.Ad-Hoc|Any CPU.Build.0 = Release|Any CPU
		{1667AB87-0D18-402A-8E55-1AA469F4E8FE}.Ad-Hoc|Any CPU.Deploy.0 = Release|Any CPU
		{1667AB87-0D18-402A-8E55-1AA469F4E8FE}.Ad-Hoc|ARM.ActiveCfg = Release|ARM
		{1667AB87-0D18-402A-8E55-1AA469F4E8FE}.Ad-Hoc|ARM.Build.0 = Release|ARM
		{1667AB87-0D18-402A-8E55-1AA469F4E8FE}.Ad-Hoc|ARM.Deploy.0 = Release|ARM
		{1667AB87-0D18-402A-8E55-1AA469F4E8FE}.Ad-Hoc|iPhone.ActiveCfg = Release|Any CPU
		{1667AB87-0D18-402A-8E55-1AA469F4E8FE}.Ad-Hoc|iPhone.Build.0 = Release|Any CPU
		{1667AB87-0D18-402A-8E55-1AA469F4E8FE}.Ad-Hoc|iPhone.Deploy.0 = Release|Any CPU
		{1667AB87-0D18-402A-8E55-1AA469F4E8FE}.Ad-Hoc|iPhoneSimulator.ActiveCfg = Release|Any CPU
		{1667AB87-0D18-402A-8E55-1AA469F4E8FE}.Ad-Hoc|iPhoneSimulator.Build.0 = Release|Any CPU
		{1667AB87-0D18-402A-8E55-1AA469F4E8FE}.Ad-Hoc|iPhoneSimulator.Deploy.0 = Release|Any CPU
		{1667AB87-0D18-402A-8E55-1AA469F4E8FE}.Ad-Hoc|x86.ActiveCfg = Release|x86
		{1667AB87-0D18-402A-8E55-1AA469F4E8FE}.Ad-Hoc|x86.Build.0 = Release|x86
		{1667AB87-0D18-402A-8E55-1AA469F4E8FE}.Ad-Hoc|x86.Deploy.0 = Release|x86
		{1667AB87-0D18-402A-8E55-1AA469F4E8FE}.AppStore|Any CPU.ActiveCfg = Release|Any CPU
		{1667AB87-0D18-402A-8E55-1AA469F4E8FE}.AppStore|Any CPU.Build.0 = Release|Any CPU
		{1667AB87-0D18-402A-8E55-1AA469F4E8FE}.AppStore|Any CPU.Deploy.0 = Release|Any CPU
		{1667AB87-0D18-402A-8E55-1AA469F4E8FE}.AppStore|ARM.ActiveCfg = Release|ARM
		{1667AB87-0D18-402A-8E55-1AA469F4E8FE}.AppStore|ARM.Build.0 = Release|ARM
		{1667AB87-0D18-402A-8E55-1AA469F4E8FE}.AppStore|ARM.Deploy.0 = Release|ARM
		{1667AB87-0D18-402A-8E55-1AA469F4E8FE}.AppStore|iPhone.ActiveCfg = Release|Any CPU
		{1667AB87-0D18-402A-8E55-1AA469F4E8FE}.AppStore|iPhone.Build.0 = Release|Any CPU
		{1667AB87-0D18-402A-8E55-1AA469F4E8FE}.AppStore|iPhone.Deploy.0 = Release|Any CPU
		{1667AB87-0D18-402A-8E55-1AA469F4E8FE}.AppStore|iPhoneSimulator.ActiveCfg = Release|Any CPU
		{1667AB87-0D18-402A-8E55-1AA469F4E8FE}.AppStore|iPhoneSimulator.Build.0 = Release|Any CPU
		{1667AB87-0D18-402A-8E55-1AA469F4E8FE}.AppStore|iPhoneSimulator.Deploy.0 = Release|Any CPU
		{1667AB87-0D18-402A-8E55-1AA469F4E8FE}.AppStore|x86.ActiveCfg = Release|x86
		{1667AB87-0D18-402A-8E55-1AA469F4E8FE}.AppStore|x86.Build.0 = Release|x86
		{1667AB87-0D18-402A-8E55-1AA469F4E8FE}.AppStore|x86.Deploy.0 = Release|x86
		{1667AB87-0D18-402A-8E55-1AA469F4E8FE}.Debug|Any CPU.ActiveCfg = Debug|Any CPU
		{1667AB87-0D18-402A-8E55-1AA469F4E8FE}.Debug|Any CPU.Build.0 = Debug|Any CPU
		{1667AB87-0D18-402A-8E55-1AA469F4E8FE}.Debug|Any CPU.Deploy.0 = Debug|Any CPU
		{1667AB87-0D18-402A-8E55-1AA469F4E8FE}.Debug|ARM.ActiveCfg = Debug|ARM
		{1667AB87-0D18-402A-8E55-1AA469F4E8FE}.Debug|ARM.Build.0 = Debug|ARM
		{1667AB87-0D18-402A-8E55-1AA469F4E8FE}.Debug|ARM.Deploy.0 = Debug|ARM
		{1667AB87-0D18-402A-8E55-1AA469F4E8FE}.Debug|iPhone.ActiveCfg = Debug|Any CPU
		{1667AB87-0D18-402A-8E55-1AA469F4E8FE}.Debug|iPhone.Build.0 = Debug|Any CPU
		{1667AB87-0D18-402A-8E55-1AA469F4E8FE}.Debug|iPhone.Deploy.0 = Debug|Any CPU
		{1667AB87-0D18-402A-8E55-1AA469F4E8FE}.Debug|iPhoneSimulator.ActiveCfg = Debug|Any CPU
		{1667AB87-0D18-402A-8E55-1AA469F4E8FE}.Debug|iPhoneSimulator.Build.0 = Debug|Any CPU
		{1667AB87-0D18-402A-8E55-1AA469F4E8FE}.Debug|iPhoneSimulator.Deploy.0 = Debug|Any CPU
		{1667AB87-0D18-402A-8E55-1AA469F4E8FE}.Debug|x86.ActiveCfg = Debug|x86
		{1667AB87-0D18-402A-8E55-1AA469F4E8FE}.Debug|x86.Build.0 = Debug|x86
		{1667AB87-0D18-402A-8E55-1AA469F4E8FE}.Debug|x86.Deploy.0 = Debug|x86
		{1667AB87-0D18-402A-8E55-1AA469F4E8FE}.Release|Any CPU.ActiveCfg = Release|Any CPU
		{1667AB87-0D18-402A-8E55-1AA469F4E8FE}.Release|Any CPU.Build.0 = Release|Any CPU
		{1667AB87-0D18-402A-8E55-1AA469F4E8FE}.Release|Any CPU.Deploy.0 = Release|Any CPU
		{1667AB87-0D18-402A-8E55-1AA469F4E8FE}.Release|ARM.ActiveCfg = Release|ARM
		{1667AB87-0D18-402A-8E55-1AA469F4E8FE}.Release|ARM.Build.0 = Release|ARM
		{1667AB87-0D18-402A-8E55-1AA469F4E8FE}.Release|ARM.Deploy.0 = Release|ARM
		{1667AB87-0D18-402A-8E55-1AA469F4E8FE}.Release|iPhone.ActiveCfg = Release|Any CPU
		{1667AB87-0D18-402A-8E55-1AA469F4E8FE}.Release|iPhone.Build.0 = Release|Any CPU
		{1667AB87-0D18-402A-8E55-1AA469F4E8FE}.Release|iPhone.Deploy.0 = Release|Any CPU
		{1667AB87-0D18-402A-8E55-1AA469F4E8FE}.Release|iPhoneSimulator.ActiveCfg = Release|Any CPU
		{1667AB87-0D18-402A-8E55-1AA469F4E8FE}.Release|iPhoneSimulator.Build.0 = Release|Any CPU
		{1667AB87-0D18-402A-8E55-1AA469F4E8FE}.Release|iPhoneSimulator.Deploy.0 = Release|Any CPU
		{1667AB87-0D18-402A-8E55-1AA469F4E8FE}.Release|x86.ActiveCfg = Release|x86
		{1667AB87-0D18-402A-8E55-1AA469F4E8FE}.Release|x86.Build.0 = Release|x86
		{1667AB87-0D18-402A-8E55-1AA469F4E8FE}.Release|x86.Deploy.0 = Release|x86
		{B552F087-516E-419C-A073-0F39494523B0}.Ad-Hoc|Any CPU.ActiveCfg = Ad-Hoc|iPhone
		{B552F087-516E-419C-A073-0F39494523B0}.Ad-Hoc|ARM.ActiveCfg = Ad-Hoc|iPhone
		{B552F087-516E-419C-A073-0F39494523B0}.Ad-Hoc|iPhone.ActiveCfg = Ad-Hoc|iPhone
		{B552F087-516E-419C-A073-0F39494523B0}.Ad-Hoc|iPhone.Build.0 = Ad-Hoc|iPhone
		{B552F087-516E-419C-A073-0F39494523B0}.Ad-Hoc|iPhoneSimulator.ActiveCfg = Ad-Hoc|iPhoneSimulator
		{B552F087-516E-419C-A073-0F39494523B0}.Ad-Hoc|iPhoneSimulator.Build.0 = Ad-Hoc|iPhoneSimulator
		{B552F087-516E-419C-A073-0F39494523B0}.Ad-Hoc|x86.ActiveCfg = Ad-Hoc|iPhone
		{B552F087-516E-419C-A073-0F39494523B0}.AppStore|Any CPU.ActiveCfg = AppStore|iPhone
		{B552F087-516E-419C-A073-0F39494523B0}.AppStore|ARM.ActiveCfg = AppStore|iPhone
		{B552F087-516E-419C-A073-0F39494523B0}.AppStore|iPhone.ActiveCfg = AppStore|iPhone
		{B552F087-516E-419C-A073-0F39494523B0}.AppStore|iPhone.Build.0 = AppStore|iPhone
		{B552F087-516E-419C-A073-0F39494523B0}.AppStore|iPhoneSimulator.ActiveCfg = AppStore|iPhoneSimulator
		{B552F087-516E-419C-A073-0F39494523B0}.AppStore|iPhoneSimulator.Build.0 = AppStore|iPhoneSimulator
		{B552F087-516E-419C-A073-0F39494523B0}.AppStore|x86.ActiveCfg = AppStore|iPhone
		{B552F087-516E-419C-A073-0F39494523B0}.Debug|Any CPU.ActiveCfg = Debug|iPhone
		{B552F087-516E-419C-A073-0F39494523B0}.Debug|ARM.ActiveCfg = Debug|iPhone
		{B552F087-516E-419C-A073-0F39494523B0}.Debug|iPhone.ActiveCfg = Debug|iPhone
		{B552F087-516E-419C-A073-0F39494523B0}.Debug|iPhone.Build.0 = Debug|iPhone
		{B552F087-516E-419C-A073-0F39494523B0}.Debug|iPhoneSimulator.ActiveCfg = Debug|iPhoneSimulator
		{B552F087-516E-419C-A073-0F39494523B0}.Debug|iPhoneSimulator.Build.0 = Debug|iPhoneSimulator
		{B552F087-516E-419C-A073-0F39494523B0}.Debug|x86.ActiveCfg = Debug|iPhone
		{B552F087-516E-419C-A073-0F39494523B0}.Release|Any CPU.ActiveCfg = Release|iPhone
		{B552F087-516E-419C-A073-0F39494523B0}.Release|ARM.ActiveCfg = Release|iPhone
		{B552F087-516E-419C-A073-0F39494523B0}.Release|iPhone.ActiveCfg = Release|iPhone
		{B552F087-516E-419C-A073-0F39494523B0}.Release|iPhone.Build.0 = Release|iPhone
		{B552F087-516E-419C-A073-0F39494523B0}.Release|iPhoneSimulator.ActiveCfg = Release|iPhoneSimulator
		{B552F087-516E-419C-A073-0F39494523B0}.Release|iPhoneSimulator.Build.0 = Release|iPhoneSimulator
		{B552F087-516E-419C-A073-0F39494523B0}.Release|x86.ActiveCfg = Release|iPhone
		{5B18192D-58EB-41B8-909C-CC502E4E1A52}.Ad-Hoc|Any CPU.ActiveCfg = Release|Any CPU
		{5B18192D-58EB-41B8-909C-CC502E4E1A52}.Ad-Hoc|Any CPU.Build.0 = Release|Any CPU
		{5B18192D-58EB-41B8-909C-CC502E4E1A52}.Ad-Hoc|Any CPU.Deploy.0 = Release|Any CPU
		{5B18192D-58EB-41B8-909C-CC502E4E1A52}.Ad-Hoc|ARM.ActiveCfg = Release|Any CPU
		{5B18192D-58EB-41B8-909C-CC502E4E1A52}.Ad-Hoc|ARM.Build.0 = Release|Any CPU
		{5B18192D-58EB-41B8-909C-CC502E4E1A52}.Ad-Hoc|ARM.Deploy.0 = Release|Any CPU
		{5B18192D-58EB-41B8-909C-CC502E4E1A52}.Ad-Hoc|iPhone.ActiveCfg = Release|Any CPU
		{5B18192D-58EB-41B8-909C-CC502E4E1A52}.Ad-Hoc|iPhone.Build.0 = Release|Any CPU
		{5B18192D-58EB-41B8-909C-CC502E4E1A52}.Ad-Hoc|iPhone.Deploy.0 = Release|Any CPU
		{5B18192D-58EB-41B8-909C-CC502E4E1A52}.Ad-Hoc|iPhoneSimulator.ActiveCfg = Release|Any CPU
		{5B18192D-58EB-41B8-909C-CC502E4E1A52}.Ad-Hoc|iPhoneSimulator.Build.0 = Release|Any CPU
		{5B18192D-58EB-41B8-909C-CC502E4E1A52}.Ad-Hoc|iPhoneSimulator.Deploy.0 = Release|Any CPU
		{5B18192D-58EB-41B8-909C-CC502E4E1A52}.Ad-Hoc|x86.ActiveCfg = Release|Any CPU
		{5B18192D-58EB-41B8-909C-CC502E4E1A52}.Ad-Hoc|x86.Build.0 = Release|Any CPU
		{5B18192D-58EB-41B8-909C-CC502E4E1A52}.Ad-Hoc|x86.Deploy.0 = Release|Any CPU
		{5B18192D-58EB-41B8-909C-CC502E4E1A52}.AppStore|Any CPU.ActiveCfg = Release|Any CPU
		{5B18192D-58EB-41B8-909C-CC502E4E1A52}.AppStore|Any CPU.Build.0 = Release|Any CPU
		{5B18192D-58EB-41B8-909C-CC502E4E1A52}.AppStore|Any CPU.Deploy.0 = Release|Any CPU
		{5B18192D-58EB-41B8-909C-CC502E4E1A52}.AppStore|ARM.ActiveCfg = Release|Any CPU
		{5B18192D-58EB-41B8-909C-CC502E4E1A52}.AppStore|ARM.Build.0 = Release|Any CPU
		{5B18192D-58EB-41B8-909C-CC502E4E1A52}.AppStore|ARM.Deploy.0 = Release|Any CPU
		{5B18192D-58EB-41B8-909C-CC502E4E1A52}.AppStore|iPhone.ActiveCfg = Release|Any CPU
		{5B18192D-58EB-41B8-909C-CC502E4E1A52}.AppStore|iPhone.Build.0 = Release|Any CPU
		{5B18192D-58EB-41B8-909C-CC502E4E1A52}.AppStore|iPhone.Deploy.0 = Release|Any CPU
		{5B18192D-58EB-41B8-909C-CC502E4E1A52}.AppStore|iPhoneSimulator.ActiveCfg = Release|Any CPU
		{5B18192D-58EB-41B8-909C-CC502E4E1A52}.AppStore|iPhoneSimulator.Build.0 = Release|Any CPU
		{5B18192D-58EB-41B8-909C-CC502E4E1A52}.AppStore|iPhoneSimulator.Deploy.0 = Release|Any CPU
		{5B18192D-58EB-41B8-909C-CC502E4E1A52}.AppStore|x86.ActiveCfg = Release|Any CPU
		{5B18192D-58EB-41B8-909C-CC502E4E1A52}.AppStore|x86.Build.0 = Release|Any CPU
		{5B18192D-58EB-41B8-909C-CC502E4E1A52}.AppStore|x86.Deploy.0 = Release|Any CPU
		{5B18192D-58EB-41B8-909C-CC502E4E1A52}.Debug|Any CPU.ActiveCfg = Debug|Any CPU
		{5B18192D-58EB-41B8-909C-CC502E4E1A52}.Debug|Any CPU.Build.0 = Debug|Any CPU
		{5B18192D-58EB-41B8-909C-CC502E4E1A52}.Debug|Any CPU.Deploy.0 = Debug|Any CPU
		{5B18192D-58EB-41B8-909C-CC502E4E1A52}.Debug|ARM.ActiveCfg = Debug|Any CPU
		{5B18192D-58EB-41B8-909C-CC502E4E1A52}.Debug|ARM.Build.0 = Debug|Any CPU
		{5B18192D-58EB-41B8-909C-CC502E4E1A52}.Debug|ARM.Deploy.0 = Debug|Any CPU
		{5B18192D-58EB-41B8-909C-CC502E4E1A52}.Debug|iPhone.ActiveCfg = Debug|Any CPU
		{5B18192D-58EB-41B8-909C-CC502E4E1A52}.Debug|iPhone.Build.0 = Debug|Any CPU
		{5B18192D-58EB-41B8-909C-CC502E4E1A52}.Debug|iPhone.Deploy.0 = Debug|Any CPU
		{5B18192D-58EB-41B8-909C-CC502E4E1A52}.Debug|iPhoneSimulator.ActiveCfg = Debug|Any CPU
		{5B18192D-58EB-41B8-909C-CC502E4E1A52}.Debug|iPhoneSimulator.Build.0 = Debug|Any CPU
		{5B18192D-58EB-41B8-909C-CC502E4E1A52}.Debug|iPhoneSimulator.Deploy.0 = Debug|Any CPU
		{5B18192D-58EB-41B8-909C-CC502E4E1A52}.Debug|x86.ActiveCfg = Debug|Any CPU
		{5B18192D-58EB-41B8-909C-CC502E4E1A52}.Debug|x86.Build.0 = Debug|Any CPU
		{5B18192D-58EB-41B8-909C-CC502E4E1A52}.Debug|x86.Deploy.0 = Debug|Any CPU
		{5B18192D-58EB-41B8-909C-CC502E4E1A52}.Release|Any CPU.ActiveCfg = Release|Any CPU
		{5B18192D-58EB-41B8-909C-CC502E4E1A52}.Release|Any CPU.Build.0 = Release|Any CPU
		{5B18192D-58EB-41B8-909C-CC502E4E1A52}.Release|Any CPU.Deploy.0 = Release|Any CPU
		{5B18192D-58EB-41B8-909C-CC502E4E1A52}.Release|ARM.ActiveCfg = Release|Any CPU
		{5B18192D-58EB-41B8-909C-CC502E4E1A52}.Release|ARM.Build.0 = Release|Any CPU
		{5B18192D-58EB-41B8-909C-CC502E4E1A52}.Release|ARM.Deploy.0 = Release|Any CPU
		{5B18192D-58EB-41B8-909C-CC502E4E1A52}.Release|iPhone.ActiveCfg = Release|Any CPU
		{5B18192D-58EB-41B8-909C-CC502E4E1A52}.Release|iPhone.Build.0 = Release|Any CPU
		{5B18192D-58EB-41B8-909C-CC502E4E1A52}.Release|iPhone.Deploy.0 = Release|Any CPU
		{5B18192D-58EB-41B8-909C-CC502E4E1A52}.Release|iPhoneSimulator.ActiveCfg = Release|Any CPU
		{5B18192D-58EB-41B8-909C-CC502E4E1A52}.Release|iPhoneSimulator.Build.0 = Release|Any CPU
		{5B18192D-58EB-41B8-909C-CC502E4E1A52}.Release|iPhoneSimulator.Deploy.0 = Release|Any CPU
		{5B18192D-58EB-41B8-909C-CC502E4E1A52}.Release|x86.ActiveCfg = Release|Any CPU
		{5B18192D-58EB-41B8-909C-CC502E4E1A52}.Release|x86.Build.0 = Release|Any CPU
		{5B18192D-58EB-41B8-909C-CC502E4E1A52}.Release|x86.Deploy.0 = Release|Any CPU
		{64FA6A89-9042-42A7-A331-A8D6FBC79340}.Ad-Hoc|Any CPU.ActiveCfg = Release|Any CPU
		{64FA6A89-9042-42A7-A331-A8D6FBC79340}.Ad-Hoc|Any CPU.Build.0 = Release|Any CPU
		{64FA6A89-9042-42A7-A331-A8D6FBC79340}.Ad-Hoc|ARM.ActiveCfg = Release|Any CPU
		{64FA6A89-9042-42A7-A331-A8D6FBC79340}.Ad-Hoc|ARM.Build.0 = Release|Any CPU
		{64FA6A89-9042-42A7-A331-A8D6FBC79340}.Ad-Hoc|iPhone.ActiveCfg = Release|Any CPU
		{64FA6A89-9042-42A7-A331-A8D6FBC79340}.Ad-Hoc|iPhone.Build.0 = Release|Any CPU
		{64FA6A89-9042-42A7-A331-A8D6FBC79340}.Ad-Hoc|iPhoneSimulator.ActiveCfg = Release|Any CPU
		{64FA6A89-9042-42A7-A331-A8D6FBC79340}.Ad-Hoc|iPhoneSimulator.Build.0 = Release|Any CPU
		{64FA6A89-9042-42A7-A331-A8D6FBC79340}.Ad-Hoc|x86.ActiveCfg = Release|Any CPU
		{64FA6A89-9042-42A7-A331-A8D6FBC79340}.Ad-Hoc|x86.Build.0 = Release|Any CPU
		{64FA6A89-9042-42A7-A331-A8D6FBC79340}.AppStore|Any CPU.ActiveCfg = Release|Any CPU
		{64FA6A89-9042-42A7-A331-A8D6FBC79340}.AppStore|Any CPU.Build.0 = Release|Any CPU
		{64FA6A89-9042-42A7-A331-A8D6FBC79340}.AppStore|ARM.ActiveCfg = Release|Any CPU
		{64FA6A89-9042-42A7-A331-A8D6FBC79340}.AppStore|ARM.Build.0 = Release|Any CPU
		{64FA6A89-9042-42A7-A331-A8D6FBC79340}.AppStore|iPhone.ActiveCfg = Release|Any CPU
		{64FA6A89-9042-42A7-A331-A8D6FBC79340}.AppStore|iPhone.Build.0 = Release|Any CPU
		{64FA6A89-9042-42A7-A331-A8D6FBC79340}.AppStore|iPhoneSimulator.ActiveCfg = Release|Any CPU
		{64FA6A89-9042-42A7-A331-A8D6FBC79340}.AppStore|iPhoneSimulator.Build.0 = Release|Any CPU
		{64FA6A89-9042-42A7-A331-A8D6FBC79340}.AppStore|x86.ActiveCfg = Release|Any CPU
		{64FA6A89-9042-42A7-A331-A8D6FBC79340}.AppStore|x86.Build.0 = Release|Any CPU
		{64FA6A89-9042-42A7-A331-A8D6FBC79340}.Debug|Any CPU.ActiveCfg = Debug|Any CPU
		{64FA6A89-9042-42A7-A331-A8D6FBC79340}.Debug|Any CPU.Build.0 = Debug|Any CPU
		{64FA6A89-9042-42A7-A331-A8D6FBC79340}.Debug|ARM.ActiveCfg = Debug|Any CPU
		{64FA6A89-9042-42A7-A331-A8D6FBC79340}.Debug|ARM.Build.0 = Debug|Any CPU
		{64FA6A89-9042-42A7-A331-A8D6FBC79340}.Debug|iPhone.ActiveCfg = Debug|Any CPU
		{64FA6A89-9042-42A7-A331-A8D6FBC79340}.Debug|iPhone.Build.0 = Debug|Any CPU
		{64FA6A89-9042-42A7-A331-A8D6FBC79340}.Debug|iPhoneSimulator.ActiveCfg = Debug|Any CPU
		{64FA6A89-9042-42A7-A331-A8D6FBC79340}.Debug|iPhoneSimulator.Build.0 = Debug|Any CPU
		{64FA6A89-9042-42A7-A331-A8D6FBC79340}.Debug|x86.ActiveCfg = Debug|Any CPU
		{64FA6A89-9042-42A7-A331-A8D6FBC79340}.Debug|x86.Build.0 = Debug|Any CPU
		{64FA6A89-9042-42A7-A331-A8D6FBC79340}.Release|Any CPU.ActiveCfg = Release|Any CPU
		{64FA6A89-9042-42A7-A331-A8D6FBC79340}.Release|Any CPU.Build.0 = Release|Any CPU
		{64FA6A89-9042-42A7-A331-A8D6FBC79340}.Release|ARM.ActiveCfg = Release|Any CPU
		{64FA6A89-9042-42A7-A331-A8D6FBC79340}.Release|ARM.Build.0 = Release|Any CPU
		{64FA6A89-9042-42A7-A331-A8D6FBC79340}.Release|iPhone.ActiveCfg = Release|Any CPU
		{64FA6A89-9042-42A7-A331-A8D6FBC79340}.Release|iPhone.Build.0 = Release|Any CPU
		{64FA6A89-9042-42A7-A331-A8D6FBC79340}.Release|iPhoneSimulator.ActiveCfg = Release|Any CPU
		{64FA6A89-9042-42A7-A331-A8D6FBC79340}.Release|iPhoneSimulator.Build.0 = Release|Any CPU
		{64FA6A89-9042-42A7-A331-A8D6FBC79340}.Release|x86.ActiveCfg = Release|Any CPU
		{64FA6A89-9042-42A7-A331-A8D6FBC79340}.Release|x86.Build.0 = Release|Any CPU
	EndGlobalSection
	GlobalSection(SolutionProperties) = preSolution
		HideSolutionNode = FALSE
	EndGlobalSection
EndGlobal
